# This file was autogenerated by Stack.
# You should not edit this file by hand.
# For more information, please see the documentation at:
#   https://docs.haskellstack.org/en/stable/lock_files

packages:
- completed:
    hackage: regex-tdfa-1.3.2.2@sha256:92afd144189801dff0fa2544b55c7b6c7c7e556c10dddfb61f2d75909f68af98,6997
    pantry-tree:
      sha256: 37ce48bcefbd782fb2ee0f46c6c15802ed929baf31a2f12086c51e79918b9581
      size: 2674
  original:
    hackage: regex-tdfa-1.3.2.2
snapshots:
- completed:
    sha256: afd5ba64ab602cabc2d3942d3d7e7dd6311bc626dcb415b901eaf576cb62f0ea
    size: 640060
    url: https://raw.githubusercontent.com/commercialhaskell/stackage-snapshots/master/lts/21/22.yaml
  original:
    url: https://raw.githubusercontent.com/commercialhaskell/stackage-snapshots/master/lts/21/22.yaml
